
Microsoft Visual Studio Solution File, Format Version 12.00
# Visual Studio 2012
Project("{FAE04EC0-301F-11D3-BF4B-00C04F79EFBC}") = "Primes Ultimate Carry", "Primes Ultimate Carry\Primes Ultimate Carry.csproj", "{2A42B1BC-A8F7-4576-899D-2F83DE48966C}"
EndProject
Global
	GlobalSection(SolutionConfigurationPlatforms) = preSolution
		Debug|Any CPU = Debug|Any CPU
		Release|Any CPU = Release|Any CPU
	EndGlobalSection
	GlobalSection(ProjectConfigurationPlatforms) = postSolution
		{2A42B1BC-A8F7-4576-899D-2F83DE48966C}.Debug|Any CPU.ActiveCfg = Debug|Any CPU
		{2A42B1BC-A8F7-4576-899D-2F83DE48966C}.Debug|Any CPU.Build.0 = Debug|Any CPU
		{2A42B1BC-A8F7-4576-899D-2F83DE48966C}.Release|Any CPU.ActiveCfg = Release|Any CPU
		{2A42B1BC-A8F7-4576-899D-2F83DE48966C}.Release|Any CPU.Build.0 = Release|Any CPU
	EndGlobalSection
	GlobalSection(SolutionProperties) = preSolution
		HideSolutionNode = FALSE
	EndGlobalSection
EndGlobal
